
Microsoft Visual Studio Solution File, Format Version 12.00
# Visual Studio Version 16
VisualStudioVersion = 16.0.30413.136
MinimumVisualStudioVersion = 10.0.40219.1
Project("{FAE04EC0-301F-11D3-BF4B-00C04F79EFBC}") = "ParsingReadfootball", "ParsingReadfootball\ParsingReadfootball.csproj", "{54BC8658-DF99-4784-8301-59FF00CE0A88}"
EndProject
Project("{FAE04EC0-301F-11D3-BF4B-00C04F79EFBC}") = "ParsingBrowser", "ParsingBrowser\ParsingBrowser.csproj", "{DE66ED0C-9F32-4E51-B0E7-25047B2C1EA2}"
EndProject
Project("{FAE04EC0-301F-11D3-BF4B-00C04F79EFBC}") = "BankiRuJsonParsing", "BankiRuJsonParsing\BankiRuJsonParsing.csproj", "{091E2B1E-9EAA-4403-B195-446470C7FE87}"
EndProject
Project("{FAE04EC0-301F-11D3-BF4B-00C04F79EFBC}") = "TelegramBotIsSimple", "TelegramBotIsSimple\TelegramBotIsSimple.csproj", "{F44AF185-22C3-4D53-A3B7-8F6207BE701F}"
EndProject
Project("{FAE04EC0-301F-11D3-BF4B-00C04F79EFBC}") = "ApiServer", "ApiServer\ApiServer.csproj", "{C41D820F-D003-4B77-A876-8E2477640D7D}"
EndProject
Project("{FAE04EC0-301F-11D3-BF4B-00C04F79EFBC}") = "ApiServerTestForm", "ApiServerTestForm\ApiServerTestForm.csproj", "{36AB8F7B-06F4-4116-9156-F7A707C867D3}"
EndProject
Project("{FAE04EC0-301F-11D3-BF4B-00C04F79EFBC}") = "TelegramBotModerator", "TelegramBotModerator\TelegramBotModerator.csproj", "{3E85F2C0-16B4-4B75-8E8F-5D3FF4017CEF}"
EndProject
Project("{FAE04EC0-301F-11D3-BF4B-00C04F79EFBC}") = "WindowsService1", "WindowsService1\WindowsService1.csproj", "{AA526D64-441D-44E6-84FC-4CB2BF15EAFE}"
EndProject
Project("{FAE04EC0-301F-11D3-BF4B-00C04F79EFBC}") = "AsyncForm", "AsyncForm\AsyncForm.csproj", "{292CCD98-C3BC-4BE5-82C6-F6634383D883}"
EndProject
Project("{FAE04EC0-301F-11D3-BF4B-00C04F79EFBC}") = "AdoSqlite", "AdoSqlite\AdoSqlite.csproj", "{018C6FAE-E2D8-49DB-93A9-62F38D274614}"
EndProject
Project("{FAE04EC0-301F-11D3-BF4B-00C04F79EFBC}") = "ExcelTest", "ExcelTest\ExcelTest.csproj", "{88135927-D110-44CB-8ED6-F2E0442BEC46}"
EndProject
Project("{FAE04EC0-301F-11D3-BF4B-00C04F79EFBC}") = "WpfApp1", "WpfApp1\WpfApp1.csproj", "{485BD625-EA4A-4C16-A2F0-AF84DB7FD3BC}"
EndProject
Project("{FAE04EC0-301F-11D3-BF4B-00C04F79EFBC}") = "WebApplication1", "WebApplication1\WebApplication1.csproj", "{9655DE39-12FE-4866-A841-26C444AA066D}"
EndProject
Project("{FAE04EC0-301F-11D3-BF4B-00C04F79EFBC}") = "EntityFrameworkSqliteCodeFirst", "EntityFrameworkSqliteCodeFirst\EntityFrameworkSqliteCodeFirst.csproj", "{4DC5D163-9C6F-46CA-AF18-DF6F0F2ECD37}"
EndProject
Project("{2150E333-8FDC-42A3-9474-1A3956D46DE8}") = "LearnFromScratch", "LearnFromScratch", "{D750D5C2-7F14-4736-8078-446F6EA198D3}"
EndProject
Project("{FAE04EC0-301F-11D3-BF4B-00C04F79EFBC}") = "Lesson1", "Lesson1\Lesson1.csproj", "{4F48A736-6098-4DD0-8ADA-1A21F3A55600}"
EndProject
Project("{FAE04EC0-301F-11D3-BF4B-00C04F79EFBC}") = "Lesson2", "Lesson2\Lesson2.csproj", "{3FBC8CED-80AA-4795-A0F9-BB7BA4B6C5D4}"
EndProject
Project("{FAE04EC0-301F-11D3-BF4B-00C04F79EFBC}") = "Lesson3", "Lesson3\Lesson3.csproj", "{9CDA2A21-1BC4-444B-9BF0-918ECBDF9293}"
EndProject
Project("{FAE04EC0-301F-11D3-BF4B-00C04F79EFBC}") = "Lesson4", "Lesson4\Lesson4.csproj", "{1D2BEEBC-9490-45CD-8E90-D1B3BB27EC32}"
EndProject
Project("{FAE04EC0-301F-11D3-BF4B-00C04F79EFBC}") = "Lesson5", "Lesson5\Lesson5.csproj", "{D91E3DC1-A73F-46A2-8A3B-423580C89158}"
EndProject
Global
	GlobalSection(SolutionConfigurationPlatforms) = preSolution
		Debug|Any CPU = Debug|Any CPU
		Release|Any CPU = Release|Any CPU
	EndGlobalSection
	GlobalSection(ProjectConfigurationPlatforms) = postSolution
		{54BC8658-DF99-4784-8301-59FF00CE0A88}.Debug|Any CPU.ActiveCfg = Debug|Any CPU
		{54BC8658-DF99-4784-8301-59FF00CE0A88}.Debug|Any CPU.Build.0 = Debug|Any CPU
		{54BC8658-DF99-4784-8301-59FF00CE0A88}.Release|Any CPU.ActiveCfg = Release|Any CPU
		{54BC8658-DF99-4784-8301-59FF00CE0A88}.Release|Any CPU.Build.0 = Release|Any CPU
		{DE66ED0C-9F32-4E51-B0E7-25047B2C1EA2}.Debug|Any CPU.ActiveCfg = Debug|Any CPU
		{DE66ED0C-9F32-4E51-B0E7-25047B2C1EA2}.Debug|Any CPU.Build.0 = Debug|Any CPU
		{DE66ED0C-9F32-4E51-B0E7-25047B2C1EA2}.Release|Any CPU.ActiveCfg = Release|Any CPU
		{DE66ED0C-9F32-4E51-B0E7-25047B2C1EA2}.Release|Any CPU.Build.0 = Release|Any CPU
		{091E2B1E-9EAA-4403-B195-446470C7FE87}.Debug|Any CPU.ActiveCfg = Debug|Any CPU
		{091E2B1E-9EAA-4403-B195-446470C7FE87}.Debug|Any CPU.Build.0 = Debug|Any CPU
		{091E2B1E-9EAA-4403-B195-446470C7FE87}.Release|Any CPU.ActiveCfg = Release|Any CPU
		{091E2B1E-9EAA-4403-B195-446470C7FE87}.Release|Any CPU.Build.0 = Release|Any CPU
		{F44AF185-22C3-4D53-A3B7-8F6207BE701F}.Debug|Any CPU.ActiveCfg = Debug|Any CPU
		{F44AF185-22C3-4D53-A3B7-8F6207BE701F}.Debug|Any CPU.Build.0 = Debug|Any CPU
		{F44AF185-22C3-4D53-A3B7-8F6207BE701F}.Release|Any CPU.ActiveCfg = Release|Any CPU
		{F44AF185-22C3-4D53-A3B7-8F6207BE701F}.Release|Any CPU.Build.0 = Release|Any CPU
		{C41D820F-D003-4B77-A876-8E2477640D7D}.Debug|Any CPU.ActiveCfg = Debug|Any CPU
		{C41D820F-D003-4B77-A876-8E2477640D7D}.Debug|Any CPU.Build.0 = Debug|Any CPU
		{C41D820F-D003-4B77-A876-8E2477640D7D}.Release|Any CPU.ActiveCfg = Release|Any CPU
		{C41D820F-D003-4B77-A876-8E2477640D7D}.Release|Any CPU.Build.0 = Release|Any CPU
		{36AB8F7B-06F4-4116-9156-F7A707C867D3}.Debug|Any CPU.ActiveCfg = Debug|Any CPU
		{36AB8F7B-06F4-4116-9156-F7A707C867D3}.Debug|Any CPU.Build.0 = Debug|Any CPU
		{36AB8F7B-06F4-4116-9156-F7A707C867D3}.Release|Any CPU.ActiveCfg = Release|Any CPU
		{36AB8F7B-06F4-4116-9156-F7A707C867D3}.Release|Any CPU.Build.0 = Release|Any CPU
		{3E85F2C0-16B4-4B75-8E8F-5D3FF4017CEF}.Debug|Any CPU.ActiveCfg = Debug|Any CPU
		{3E85F2C0-16B4-4B75-8E8F-5D3FF4017CEF}.Debug|Any CPU.Build.0 = Debug|Any CPU
		{3E85F2C0-16B4-4B75-8E8F-5D3FF4017CEF}.Release|Any CPU.ActiveCfg = Release|Any CPU
		{3E85F2C0-16B4-4B75-8E8F-5D3FF4017CEF}.Release|Any CPU.Build.0 = Release|Any CPU
		{AA526D64-441D-44E6-84FC-4CB2BF15EAFE}.Debug|Any CPU.ActiveCfg = Debug|Any CPU
		{AA526D64-441D-44E6-84FC-4CB2BF15EAFE}.Debug|Any CPU.Build.0 = Debug|Any CPU
		{AA526D64-441D-44E6-84FC-4CB2BF15EAFE}.Release|Any CPU.ActiveCfg = Release|Any CPU
		{AA526D64-441D-44E6-84FC-4CB2BF15EAFE}.Release|Any CPU.Build.0 = Release|Any CPU
		{292CCD98-C3BC-4BE5-82C6-F6634383D883}.Debug|Any CPU.ActiveCfg = Debug|Any CPU
		{292CCD98-C3BC-4BE5-82C6-F6634383D883}.Debug|Any CPU.Build.0 = Debug|Any CPU
		{292CCD98-C3BC-4BE5-82C6-F6634383D883}.Release|Any CPU.ActiveCfg = Release|Any CPU
		{292CCD98-C3BC-4BE5-82C6-F6634383D883}.Release|Any CPU.Build.0 = Release|Any CPU
		{018C6FAE-E2D8-49DB-93A9-62F38D274614}.Debug|Any CPU.ActiveCfg = Debug|Any CPU
		{018C6FAE-E2D8-49DB-93A9-62F38D274614}.Debug|Any CPU.Build.0 = Debug|Any CPU
		{018C6FAE-E2D8-49DB-93A9-62F38D274614}.Release|Any CPU.ActiveCfg = Release|Any CPU
		{018C6FAE-E2D8-49DB-93A9-62F38D274614}.Release|Any CPU.Build.0 = Release|Any CPU
		{88135927-D110-44CB-8ED6-F2E0442BEC46}.Debug|Any CPU.ActiveCfg = Debug|Any CPU
		{88135927-D110-44CB-8ED6-F2E0442BEC46}.Debug|Any CPU.Build.0 = Debug|Any CPU
		{88135927-D110-44CB-8ED6-F2E0442BEC46}.Release|Any CPU.ActiveCfg = Release|Any CPU
		{88135927-D110-44CB-8ED6-F2E0442BEC46}.Release|Any CPU.Build.0 = Release|Any CPU
		{485BD625-EA4A-4C16-A2F0-AF84DB7FD3BC}.Debug|Any CPU.ActiveCfg = Debug|Any CPU
		{485BD625-EA4A-4C16-A2F0-AF84DB7FD3BC}.Debug|Any CPU.Build.0 = Debug|Any CPU
		{485BD625-EA4A-4C16-A2F0-AF84DB7FD3BC}.Release|Any CPU.ActiveCfg = Release|Any CPU
		{485BD625-EA4A-4C16-A2F0-AF84DB7FD3BC}.Release|Any CPU.Build.0 = Release|Any CPU
		{9655DE39-12FE-4866-A841-26C444AA066D}.Debug|Any CPU.ActiveCfg = Debug|Any CPU
		{9655DE39-12FE-4866-A841-26C444AA066D}.Debug|Any CPU.Build.0 = Debug|Any CPU
		{9655DE39-12FE-4866-A841-26C444AA066D}.Release|Any CPU.ActiveCfg = Release|Any CPU
		{9655DE39-12FE-4866-A841-26C444AA066D}.Release|Any CPU.Build.0 = Release|Any CPU
		{4DC5D163-9C6F-46CA-AF18-DF6F0F2ECD37}.Debug|Any CPU.ActiveCfg = Debug|Any CPU
		{4DC5D163-9C6F-46CA-AF18-DF6F0F2ECD37}.Debug|Any CPU.Build.0 = Debug|Any CPU
		{4DC5D163-9C6F-46CA-AF18-DF6F0F2ECD37}.Release|Any CPU.ActiveCfg = Release|Any CPU
		{4DC5D163-9C6F-46CA-AF18-DF6F0F2ECD37}.Release|Any CPU.Build.0 = Release|Any CPU
		{4F48A736-6098-4DD0-8ADA-1A21F3A55600}.Debug|Any CPU.ActiveCfg = Debug|Any CPU
		{4F48A736-6098-4DD0-8ADA-1A21F3A55600}.Debug|Any CPU.Build.0 = Debug|Any CPU
		{4F48A736-6098-4DD0-8ADA-1A21F3A55600}.Release|Any CPU.ActiveCfg = Release|Any CPU
		{4F48A736-6098-4DD0-8ADA-1A21F3A55600}.Release|Any CPU.Build.0 = Release|Any CPU
		{3FBC8CED-80AA-4795-A0F9-BB7BA4B6C5D4}.Debug|Any CPU.ActiveCfg = Debug|Any CPU
		{3FBC8CED-80AA-4795-A0F9-BB7BA4B6C5D4}.Debug|Any CPU.Build.0 = Debug|Any CPU
		{3FBC8CED-80AA-4795-A0F9-BB7BA4B6C5D4}.Release|Any CPU.ActiveCfg = Release|Any CPU
		{3FBC8CED-80AA-4795-A0F9-BB7BA4B6C5D4}.Release|Any CPU.Build.0 = Release|Any CPU
		{9CDA2A21-1BC4-444B-9BF0-918ECBDF9293}.Debug|Any CPU.ActiveCfg = Debug|Any CPU
		{9CDA2A21-1BC4-444B-9BF0-918ECBDF9293}.Debug|Any CPU.Build.0 = Debug|Any CPU
		{9CDA2A21-1BC4-444B-9BF0-918ECBDF9293}.Release|Any CPU.ActiveCfg = Release|Any CPU
		{9CDA2A21-1BC4-444B-9BF0-918ECBDF9293}.Release|Any CPU.Build.0 = Release|Any CPU
		{1D2BEEBC-9490-45CD-8E90-D1B3BB27EC32}.Debug|Any CPU.ActiveCfg = Debug|Any CPU
		{1D2BEEBC-9490-45CD-8E90-D1B3BB27EC32}.Debug|Any CPU.Build.0 = Debug|Any CPU
		{1D2BEEBC-9490-45CD-8E90-D1B3BB27EC32}.Release|Any CPU.ActiveCfg = Release|Any CPU
		{1D2BEEBC-9490-45CD-8E90-D1B3BB27EC32}.Release|Any CPU.Build.0 = Release|Any CPU
		{D91E3DC1-A73F-46A2-8A3B-423580C89158}.Debug|Any CPU.ActiveCfg = Debug|Any CPU
		{D91E3DC1-A73F-46A2-8A3B-423580C89158}.Debug|Any CPU.Build.0 = Debug|Any CPU
		{D91E3DC1-A73F-46A2-8A3B-423580C89158}.Release|Any CPU.ActiveCfg = Release|Any CPU
		{D91E3DC1-A73F-46A2-8A3B-423580C89158}.Release|Any CPU.Build.0 = Release|Any CPU
	EndGlobalSection
	GlobalSection(SolutionProperties) = preSolution
		HideSolutionNode = FALSE
	EndGlobalSection
	GlobalSection(NestedProjects) = preSolution
		{4F48A736-6098-4DD0-8ADA-1A21F3A55600} = {D750D5C2-7F14-4736-8078-446F6EA198D3}
		{3FBC8CED-80AA-4795-A0F9-BB7BA4B6C5D4} = {D750D5C2-7F14-4736-8078-446F6EA198D3}
		{9CDA2A21-1BC4-444B-9BF0-918ECBDF9293} = {D750D5C2-7F14-4736-8078-446F6EA198D3}
		{1D2BEEBC-9490-45CD-8E90-D1B3BB27EC32} = {D750D5C2-7F14-4736-8078-446F6EA198D3}
		{D91E3DC1-A73F-46A2-8A3B-423580C89158} = {D750D5C2-7F14-4736-8078-446F6EA198D3}
	EndGlobalSection
	GlobalSection(ExtensibilityGlobals) = postSolution
		SolutionGuid = {29702265-C159-48CA-A066-6F28C344E43E}
	EndGlobalSection
EndGlobal
