
Microsoft Visual Studio Solution File, Format Version 12.00
# Visual Studio Version 16
VisualStudioVersion = 16.0.30413.136
MinimumVisualStudioVersion = 10.0.40219.1
Project("{FAE04EC0-301F-11D3-BF4B-00C04F79EFBC}") = "ParsingReadfootball", "ParsingReadfootball\ParsingReadfootball.csproj", "{54BC8658-DF99-4784-8301-59FF00CE0A88}"
EndProject
Project("{FAE04EC0-301F-11D3-BF4B-00C04F79EFBC}") = "ParsingBrowser", "ParsingBrowser\ParsingBrowser.csproj", "{DE66ED0C-9F32-4E51-B0E7-25047B2C1EA2}"
EndProject
Project("{FAE04EC0-301F-11D3-BF4B-00C04F79EFBC}") = "BankiRuJsonParsing", "BankiRuJsonParsing\BankiRuJsonParsing.csproj", "{091E2B1E-9EAA-4403-B195-446470C7FE87}"
EndProject
Project("{FAE04EC0-301F-11D3-BF4B-00C04F79EFBC}") = "TelegramBotIsSimple", "TelegramBotIsSimple\TelegramBotIsSimple.csproj", "{F44AF185-22C3-4D53-A3B7-8F6207BE701F}"
EndProject
Project("{FAE04EC0-301F-11D3-BF4B-00C04F79EFBC}") = "ApiServer", "ApiServer\ApiServer.csproj", "{C41D820F-D003-4B77-A876-8E2477640D7D}"
EndProject
Project("{FAE04EC0-301F-11D3-BF4B-00C04F79EFBC}") = "ApiServerTestForm", "ApiServerTestForm\ApiServerTestForm.csproj", "{36AB8F7B-06F4-4116-9156-F7A707C867D3}"
EndProject
Project("{FAE04EC0-301F-11D3-BF4B-00C04F79EFBC}") = "TelegramBotModerator", "TelegramBotModerator\TelegramBotModerator.csproj", "{3E85F2C0-16B4-4B75-8E8F-5D3FF4017CEF}"
EndProject
Project("{FAE04EC0-301F-11D3-BF4B-00C04F79EFBC}") = "WindowsService1", "WindowsService1\WindowsService1.csproj", "{AA526D64-441D-44E6-84FC-4CB2BF15EAFE}"
EndProject
Project("{FAE04EC0-301F-11D3-BF4B-00C04F79EFBC}") = "AsyncForm", "AsyncForm\AsyncForm.csproj", "{292CCD98-C3BC-4BE5-82C6-F6634383D883}"
EndProject
Global
	GlobalSection(SolutionConfigurationPlatforms) = preSolution
		Debug|Any CPU = Debug|Any CPU
		Release|Any CPU = Release|Any CPU
	EndGlobalSection
	GlobalSection(ProjectConfigurationPlatforms) = postSolution
		{54BC8658-DF99-4784-8301-59FF00CE0A88}.Debug|Any CPU.ActiveCfg = Debug|Any CPU
		{54BC8658-DF99-4784-8301-59FF00CE0A88}.Debug|Any CPU.Build.0 = Debug|Any CPU
		{54BC8658-DF99-4784-8301-59FF00CE0A88}.Release|Any CPU.ActiveCfg = Release|Any CPU
		{54BC8658-DF99-4784-8301-59FF00CE0A88}.Release|Any CPU.Build.0 = Release|Any CPU
		{DE66ED0C-9F32-4E51-B0E7-25047B2C1EA2}.Debug|Any CPU.ActiveCfg = Debug|Any CPU
		{DE66ED0C-9F32-4E51-B0E7-25047B2C1EA2}.Debug|Any CPU.Build.0 = Debug|Any CPU
		{DE66ED0C-9F32-4E51-B0E7-25047B2C1EA2}.Release|Any CPU.ActiveCfg = Release|Any CPU
		{DE66ED0C-9F32-4E51-B0E7-25047B2C1EA2}.Release|Any CPU.Build.0 = Release|Any CPU
		{091E2B1E-9EAA-4403-B195-446470C7FE87}.Debug|Any CPU.ActiveCfg = Debug|Any CPU
		{091E2B1E-9EAA-4403-B195-446470C7FE87}.Debug|Any CPU.Build.0 = Debug|Any CPU
		{091E2B1E-9EAA-4403-B195-446470C7FE87}.Release|Any CPU.ActiveCfg = Release|Any CPU
		{091E2B1E-9EAA-4403-B195-446470C7FE87}.Release|Any CPU.Build.0 = Release|Any CPU
		{F44AF185-22C3-4D53-A3B7-8F6207BE701F}.Debug|Any CPU.ActiveCfg = Debug|Any CPU
		{F44AF185-22C3-4D53-A3B7-8F6207BE701F}.Debug|Any CPU.Build.0 = Debug|Any CPU
		{F44AF185-22C3-4D53-A3B7-8F6207BE701F}.Release|Any CPU.ActiveCfg = Release|Any CPU
		{F44AF185-22C3-4D53-A3B7-8F6207BE701F}.Release|Any CPU.Build.0 = Release|Any CPU
		{C41D820F-D003-4B77-A876-8E2477640D7D}.Debug|Any CPU.ActiveCfg = Debug|Any CPU
		{C41D820F-D003-4B77-A876-8E2477640D7D}.Debug|Any CPU.Build.0 = Debug|Any CPU
		{C41D820F-D003-4B77-A876-8E2477640D7D}.Release|Any CPU.ActiveCfg = Release|Any CPU
		{C41D820F-D003-4B77-A876-8E2477640D7D}.Release|Any CPU.Build.0 = Release|Any CPU
		{36AB8F7B-06F4-4116-9156-F7A707C867D3}.Debug|Any CPU.ActiveCfg = Debug|Any CPU
		{36AB8F7B-06F4-4116-9156-F7A707C867D3}.Debug|Any CPU.Build.0 = Debug|Any CPU
		{36AB8F7B-06F4-4116-9156-F7A707C867D3}.Release|Any CPU.ActiveCfg = Release|Any CPU
		{36AB8F7B-06F4-4116-9156-F7A707C867D3}.Release|Any CPU.Build.0 = Release|Any CPU
		{3E85F2C0-16B4-4B75-8E8F-5D3FF4017CEF}.Debug|Any CPU.ActiveCfg = Debug|Any CPU
		{3E85F2C0-16B4-4B75-8E8F-5D3FF4017CEF}.Debug|Any CPU.Build.0 = Debug|Any CPU
		{3E85F2C0-16B4-4B75-8E8F-5D3FF4017CEF}.Release|Any CPU.ActiveCfg = Release|Any CPU
		{3E85F2C0-16B4-4B75-8E8F-5D3FF4017CEF}.Release|Any CPU.Build.0 = Release|Any CPU
		{AA526D64-441D-44E6-84FC-4CB2BF15EAFE}.Debug|Any CPU.ActiveCfg = Debug|Any CPU
		{AA526D64-441D-44E6-84FC-4CB2BF15EAFE}.Debug|Any CPU.Build.0 = Debug|Any CPU
		{AA526D64-441D-44E6-84FC-4CB2BF15EAFE}.Release|Any CPU.ActiveCfg = Release|Any CPU
		{AA526D64-441D-44E6-84FC-4CB2BF15EAFE}.Release|Any CPU.Build.0 = Release|Any CPU
		{292CCD98-C3BC-4BE5-82C6-F6634383D883}.Debug|Any CPU.ActiveCfg = Debug|Any CPU
		{292CCD98-C3BC-4BE5-82C6-F6634383D883}.Debug|Any CPU.Build.0 = Debug|Any CPU
		{292CCD98-C3BC-4BE5-82C6-F6634383D883}.Release|Any CPU.ActiveCfg = Release|Any CPU
		{292CCD98-C3BC-4BE5-82C6-F6634383D883}.Release|Any CPU.Build.0 = Release|Any CPU
	EndGlobalSection
	GlobalSection(SolutionProperties) = preSolution
		HideSolutionNode = FALSE
	EndGlobalSection
	GlobalSection(ExtensibilityGlobals) = postSolution
		SolutionGuid = {29702265-C159-48CA-A066-6F28C344E43E}
	EndGlobalSection
EndGlobal
